
Microsoft Visual Studio Solution File, Format Version 12.00
Project("{FAE04EC0-301F-11D3-BF4B-00C04F79EFBC}") = "Holte.API.Example", "Holte.API.Example\Holte.API.Example.csproj", "{5FE21230-F390-48EB-82F3-2178E0D85CDF}"
EndProject
Global
	GlobalSection(SolutionConfigurationPlatforms) = preSolution
		Debug|Any CPU = Debug|Any CPU
		Release|Any CPU = Release|Any CPU
	EndGlobalSection
	GlobalSection(ProjectConfigurationPlatforms) = postSolution
		{5FE21230-F390-48EB-82F3-2178E0D85CDF}.Debug|Any CPU.ActiveCfg = Debug|Any CPU
		{5FE21230-F390-48EB-82F3-2178E0D85CDF}.Debug|Any CPU.Build.0 = Debug|Any CPU
		{5FE21230-F390-48EB-82F3-2178E0D85CDF}.Release|Any CPU.ActiveCfg = Release|Any CPU
		{5FE21230-F390-48EB-82F3-2178E0D85CDF}.Release|Any CPU.Build.0 = Release|Any CPU
	EndGlobalSection
EndGlobal
